<Solution>
  <Folder Name="/Solution Items/">
    <File Path="Dockerfile" />
  </Folder>
  <Project Path="API.Tests/API.Tests.csproj" Id="bb7ca147-f761-4ee7-b78f-3f16948d1e44" />
  <Project Path="API/API.csproj" />
  <Project Path="BusinessLayer.Tests/BusinessLayer.Tests.csproj" Id="48457a11-127c-4b90-a77a-6fdd0c7362be" />
  <Project Path="BusinessLayer/BusinessLayer.csproj" Id="fd552523-106a-407c-ab07-4452d634ce05" />
</Solution>
